
Microsoft Visual Studio Solution File, Format Version 12.00
# Visual Studio 2013
VisualStudioVersion = 12.0.21005.1
MinimumVisualStudioVersion = 10.0.40219.1
Project("{8BC9CEB8-8B4A-11D0-8D11-00A0C91BC942}") = "NetLib", "NetLib\NetLib.vcxproj", "{38AAA34F-5FC1-4D42-A385-1EF6B380A5B5}"
EndProject
Project("{8BC9CEB8-8B4A-11D0-8D11-00A0C91BC942}") = "Log", "Log\Log.vcxproj", "{DF0CCB1F-DEB3-4C01-B909-77A25C6A7A5D}"
EndProject
Project("{8BC9CEB8-8B4A-11D0-8D11-00A0C91BC942}") = "GatewayServer", "GatewayServer\GatewayServer.vcxproj", "{D0EC9A98-6E58-48DF-B2B5-CECBE21D2FFE}"
EndProject
Project("{8BC9CEB8-8B4A-11D0-8D11-00A0C91BC942}") = "ServerCommonLib", "ServerCommonLib\ServerCommonLib.vcxproj", "{9F15547D-8152-4790-8519-8F12725CACF3}"
EndProject
Project("{8BC9CEB8-8B4A-11D0-8D11-00A0C91BC942}") = "ControlServer", "ControlServer\ControlServer.vcxproj", "{89D45F9A-5F1B-4A2B-B500-49669A9E6808}"
EndProject
Project("{8BC9CEB8-8B4A-11D0-8D11-00A0C91BC942}") = "VersionServer", "VersionServer\VersionServer.vcxproj", "{A7EE1AAB-59F6-4302-80A3-1A3CDC7D8F12}"
EndProject
Project("{8BC9CEB8-8B4A-11D0-8D11-00A0C91BC942}") = "LoginServer", "LoginServer\LoginServer.vcxproj", "{5B2F345D-A77E-4A2A-8BA6-829DC59DC6D7}"
EndProject
Project("{8BC9CEB8-8B4A-11D0-8D11-00A0C91BC942}") = "BasicInfoServer", "BasicInfoServer\BasicInfoServer.vcxproj", "{96AEC053-CD8F-4C5A-8A5A-18F146655CCD}"
EndProject
Project("{8BC9CEB8-8B4A-11D0-8D11-00A0C91BC942}") = "NoticeServer", "NoticeServer\NoticeServer.vcxproj", "{4136CCA0-8132-4BF8-AD5C-8AA422E37AD0}"
EndProject
Global
	GlobalSection(SolutionConfigurationPlatforms) = preSolution
		Debug|Win32 = Debug|Win32
		DebugLib|Win32 = DebugLib|Win32
		DebugLibMT|Win32 = DebugLibMT|Win32
		Release|Win32 = Release|Win32
		ReleaseLib|Win32 = ReleaseLib|Win32
		ReleaseLibMT|Win32 = ReleaseLibMT|Win32
	EndGlobalSection
	GlobalSection(ProjectConfigurationPlatforms) = postSolution
		{38AAA34F-5FC1-4D42-A385-1EF6B380A5B5}.Debug|Win32.ActiveCfg = DebugLib|Win32
		{38AAA34F-5FC1-4D42-A385-1EF6B380A5B5}.Debug|Win32.Build.0 = DebugLib|Win32
		{38AAA34F-5FC1-4D42-A385-1EF6B380A5B5}.DebugLib|Win32.ActiveCfg = DebugLib|Win32
		{38AAA34F-5FC1-4D42-A385-1EF6B380A5B5}.DebugLib|Win32.Build.0 = DebugLib|Win32
		{38AAA34F-5FC1-4D42-A385-1EF6B380A5B5}.DebugLibMT|Win32.ActiveCfg = DebugLibMT|Win32
		{38AAA34F-5FC1-4D42-A385-1EF6B380A5B5}.DebugLibMT|Win32.Build.0 = DebugLibMT|Win32
		{38AAA34F-5FC1-4D42-A385-1EF6B380A5B5}.Release|Win32.ActiveCfg = ReleaseLib|Win32
		{38AAA34F-5FC1-4D42-A385-1EF6B380A5B5}.Release|Win32.Build.0 = ReleaseLib|Win32
		{38AAA34F-5FC1-4D42-A385-1EF6B380A5B5}.ReleaseLib|Win32.ActiveCfg = ReleaseLib|Win32
		{38AAA34F-5FC1-4D42-A385-1EF6B380A5B5}.ReleaseLib|Win32.Build.0 = ReleaseLib|Win32
		{38AAA34F-5FC1-4D42-A385-1EF6B380A5B5}.ReleaseLibMT|Win32.ActiveCfg = ReleaseLibMT|Win32
		{38AAA34F-5FC1-4D42-A385-1EF6B380A5B5}.ReleaseLibMT|Win32.Build.0 = ReleaseLibMT|Win32
		{DF0CCB1F-DEB3-4C01-B909-77A25C6A7A5D}.Debug|Win32.ActiveCfg = Debug|Win32
		{DF0CCB1F-DEB3-4C01-B909-77A25C6A7A5D}.Debug|Win32.Build.0 = Debug|Win32
		{DF0CCB1F-DEB3-4C01-B909-77A25C6A7A5D}.DebugLib|Win32.ActiveCfg = DebugLibMT|Win32
		{DF0CCB1F-DEB3-4C01-B909-77A25C6A7A5D}.DebugLib|Win32.Build.0 = DebugLibMT|Win32
		{DF0CCB1F-DEB3-4C01-B909-77A25C6A7A5D}.DebugLibMT|Win32.ActiveCfg = DebugLibMT|Win32
		{DF0CCB1F-DEB3-4C01-B909-77A25C6A7A5D}.DebugLibMT|Win32.Build.0 = DebugLibMT|Win32
		{DF0CCB1F-DEB3-4C01-B909-77A25C6A7A5D}.Release|Win32.ActiveCfg = Release|Win32
		{DF0CCB1F-DEB3-4C01-B909-77A25C6A7A5D}.Release|Win32.Build.0 = Release|Win32
		{DF0CCB1F-DEB3-4C01-B909-77A25C6A7A5D}.ReleaseLib|Win32.ActiveCfg = ReleaseLibMT|Win32
		{DF0CCB1F-DEB3-4C01-B909-77A25C6A7A5D}.ReleaseLib|Win32.Build.0 = ReleaseLibMT|Win32
		{DF0CCB1F-DEB3-4C01-B909-77A25C6A7A5D}.ReleaseLibMT|Win32.ActiveCfg = ReleaseLibMT|Win32
		{DF0CCB1F-DEB3-4C01-B909-77A25C6A7A5D}.ReleaseLibMT|Win32.Build.0 = ReleaseLibMT|Win32
		{D0EC9A98-6E58-48DF-B2B5-CECBE21D2FFE}.Debug|Win32.ActiveCfg = Debug|Win32
		{D0EC9A98-6E58-48DF-B2B5-CECBE21D2FFE}.Debug|Win32.Build.0 = Debug|Win32
		{D0EC9A98-6E58-48DF-B2B5-CECBE21D2FFE}.DebugLib|Win32.ActiveCfg = Debug|Win32
		{D0EC9A98-6E58-48DF-B2B5-CECBE21D2FFE}.DebugLib|Win32.Build.0 = Debug|Win32
		{D0EC9A98-6E58-48DF-B2B5-CECBE21D2FFE}.DebugLibMT|Win32.ActiveCfg = Debug|Win32
		{D0EC9A98-6E58-48DF-B2B5-CECBE21D2FFE}.DebugLibMT|Win32.Build.0 = Debug|Win32
		{D0EC9A98-6E58-48DF-B2B5-CECBE21D2FFE}.Release|Win32.ActiveCfg = Release|Win32
		{D0EC9A98-6E58-48DF-B2B5-CECBE21D2FFE}.Release|Win32.Build.0 = Release|Win32
		{D0EC9A98-6E58-48DF-B2B5-CECBE21D2FFE}.ReleaseLib|Win32.ActiveCfg = Release|Win32
		{D0EC9A98-6E58-48DF-B2B5-CECBE21D2FFE}.ReleaseLib|Win32.Build.0 = Release|Win32
		{D0EC9A98-6E58-48DF-B2B5-CECBE21D2FFE}.ReleaseLibMT|Win32.ActiveCfg = Release|Win32
		{D0EC9A98-6E58-48DF-B2B5-CECBE21D2FFE}.ReleaseLibMT|Win32.Build.0 = Release|Win32
		{9F15547D-8152-4790-8519-8F12725CACF3}.Debug|Win32.ActiveCfg = Debug|Win32
		{9F15547D-8152-4790-8519-8F12725CACF3}.Debug|Win32.Build.0 = Debug|Win32
		{9F15547D-8152-4790-8519-8F12725CACF3}.DebugLib|Win32.ActiveCfg = Debug|Win32
		{9F15547D-8152-4790-8519-8F12725CACF3}.DebugLib|Win32.Build.0 = Debug|Win32
		{9F15547D-8152-4790-8519-8F12725CACF3}.DebugLibMT|Win32.ActiveCfg = Debug|Win32
		{9F15547D-8152-4790-8519-8F12725CACF3}.DebugLibMT|Win32.Build.0 = Debug|Win32
		{9F15547D-8152-4790-8519-8F12725CACF3}.Release|Win32.ActiveCfg = Release|Win32
		{9F15547D-8152-4790-8519-8F12725CACF3}.Release|Win32.Build.0 = Release|Win32
		{9F15547D-8152-4790-8519-8F12725CACF3}.ReleaseLib|Win32.ActiveCfg = Release|Win32
		{9F15547D-8152-4790-8519-8F12725CACF3}.ReleaseLib|Win32.Build.0 = Release|Win32
		{9F15547D-8152-4790-8519-8F12725CACF3}.ReleaseLibMT|Win32.ActiveCfg = Release|Win32
		{9F15547D-8152-4790-8519-8F12725CACF3}.ReleaseLibMT|Win32.Build.0 = Release|Win32
		{89D45F9A-5F1B-4A2B-B500-49669A9E6808}.Debug|Win32.ActiveCfg = Debug|Win32
		{89D45F9A-5F1B-4A2B-B500-49669A9E6808}.Debug|Win32.Build.0 = Debug|Win32
		{89D45F9A-5F1B-4A2B-B500-49669A9E6808}.DebugLib|Win32.ActiveCfg = Debug|Win32
		{89D45F9A-5F1B-4A2B-B500-49669A9E6808}.DebugLib|Win32.Build.0 = Debug|Win32
		{89D45F9A-5F1B-4A2B-B500-49669A9E6808}.DebugLibMT|Win32.ActiveCfg = Debug|Win32
		{89D45F9A-5F1B-4A2B-B500-49669A9E6808}.DebugLibMT|Win32.Build.0 = Debug|Win32
		{89D45F9A-5F1B-4A2B-B500-49669A9E6808}.Release|Win32.ActiveCfg = Release|Win32
		{89D45F9A-5F1B-4A2B-B500-49669A9E6808}.Release|Win32.Build.0 = Release|Win32
		{89D45F9A-5F1B-4A2B-B500-49669A9E6808}.ReleaseLib|Win32.ActiveCfg = Release|Win32
		{89D45F9A-5F1B-4A2B-B500-49669A9E6808}.ReleaseLib|Win32.Build.0 = Release|Win32
		{89D45F9A-5F1B-4A2B-B500-49669A9E6808}.ReleaseLibMT|Win32.ActiveCfg = Release|Win32
		{89D45F9A-5F1B-4A2B-B500-49669A9E6808}.ReleaseLibMT|Win32.Build.0 = Release|Win32
		{A7EE1AAB-59F6-4302-80A3-1A3CDC7D8F12}.Debug|Win32.ActiveCfg = Debug|Win32
		{A7EE1AAB-59F6-4302-80A3-1A3CDC7D8F12}.Debug|Win32.Build.0 = Debug|Win32
		{A7EE1AAB-59F6-4302-80A3-1A3CDC7D8F12}.DebugLib|Win32.ActiveCfg = Debug|Win32
		{A7EE1AAB-59F6-4302-80A3-1A3CDC7D8F12}.DebugLib|Win32.Build.0 = Debug|Win32
		{A7EE1AAB-59F6-4302-80A3-1A3CDC7D8F12}.DebugLibMT|Win32.ActiveCfg = Debug|Win32
		{A7EE1AAB-59F6-4302-80A3-1A3CDC7D8F12}.DebugLibMT|Win32.Build.0 = Debug|Win32
		{A7EE1AAB-59F6-4302-80A3-1A3CDC7D8F12}.Release|Win32.ActiveCfg = Release|Win32
		{A7EE1AAB-59F6-4302-80A3-1A3CDC7D8F12}.Release|Win32.Build.0 = Release|Win32
		{A7EE1AAB-59F6-4302-80A3-1A3CDC7D8F12}.ReleaseLib|Win32.ActiveCfg = Release|Win32
		{A7EE1AAB-59F6-4302-80A3-1A3CDC7D8F12}.ReleaseLib|Win32.Build.0 = Release|Win32
		{A7EE1AAB-59F6-4302-80A3-1A3CDC7D8F12}.ReleaseLibMT|Win32.ActiveCfg = Release|Win32
		{A7EE1AAB-59F6-4302-80A3-1A3CDC7D8F12}.ReleaseLibMT|Win32.Build.0 = Release|Win32
		{5B2F345D-A77E-4A2A-8BA6-829DC59DC6D7}.Debug|Win32.ActiveCfg = Debug|Win32
		{5B2F345D-A77E-4A2A-8BA6-829DC59DC6D7}.Debug|Win32.Build.0 = Debug|Win32
		{5B2F345D-A77E-4A2A-8BA6-829DC59DC6D7}.DebugLib|Win32.ActiveCfg = Debug|Win32
		{5B2F345D-A77E-4A2A-8BA6-829DC59DC6D7}.DebugLib|Win32.Build.0 = Debug|Win32
		{5B2F345D-A77E-4A2A-8BA6-829DC59DC6D7}.DebugLibMT|Win32.ActiveCfg = Debug|Win32
		{5B2F345D-A77E-4A2A-8BA6-829DC59DC6D7}.DebugLibMT|Win32.Build.0 = Debug|Win32
		{5B2F345D-A77E-4A2A-8BA6-829DC59DC6D7}.Release|Win32.ActiveCfg = Release|Win32
		{5B2F345D-A77E-4A2A-8BA6-829DC59DC6D7}.Release|Win32.Build.0 = Release|Win32
		{5B2F345D-A77E-4A2A-8BA6-829DC59DC6D7}.ReleaseLib|Win32.ActiveCfg = Release|Win32
		{5B2F345D-A77E-4A2A-8BA6-829DC59DC6D7}.ReleaseLib|Win32.Build.0 = Release|Win32
		{5B2F345D-A77E-4A2A-8BA6-829DC59DC6D7}.ReleaseLibMT|Win32.ActiveCfg = Release|Win32
		{5B2F345D-A77E-4A2A-8BA6-829DC59DC6D7}.ReleaseLibMT|Win32.Build.0 = Release|Win32
		{96AEC053-CD8F-4C5A-8A5A-18F146655CCD}.Debug|Win32.ActiveCfg = Debug|Win32
		{96AEC053-CD8F-4C5A-8A5A-18F146655CCD}.Debug|Win32.Build.0 = Debug|Win32
		{96AEC053-CD8F-4C5A-8A5A-18F146655CCD}.DebugLib|Win32.ActiveCfg = Debug|Win32
		{96AEC053-CD8F-4C5A-8A5A-18F146655CCD}.DebugLib|Win32.Build.0 = Debug|Win32
		{96AEC053-CD8F-4C5A-8A5A-18F146655CCD}.DebugLibMT|Win32.ActiveCfg = Debug|Win32
		{96AEC053-CD8F-4C5A-8A5A-18F146655CCD}.DebugLibMT|Win32.Build.0 = Debug|Win32
		{96AEC053-CD8F-4C5A-8A5A-18F146655CCD}.Release|Win32.ActiveCfg = Release|Win32
		{96AEC053-CD8F-4C5A-8A5A-18F146655CCD}.Release|Win32.Build.0 = Release|Win32
		{96AEC053-CD8F-4C5A-8A5A-18F146655CCD}.ReleaseLib|Win32.ActiveCfg = Release|Win32
		{96AEC053-CD8F-4C5A-8A5A-18F146655CCD}.ReleaseLib|Win32.Build.0 = Release|Win32
		{96AEC053-CD8F-4C5A-8A5A-18F146655CCD}.ReleaseLibMT|Win32.ActiveCfg = Release|Win32
		{96AEC053-CD8F-4C5A-8A5A-18F146655CCD}.ReleaseLibMT|Win32.Build.0 = Release|Win32
		{4136CCA0-8132-4BF8-AD5C-8AA422E37AD0}.Debug|Win32.ActiveCfg = Debug|Win32
		{4136CCA0-8132-4BF8-AD5C-8AA422E37AD0}.Debug|Win32.Build.0 = Debug|Win32
		{4136CCA0-8132-4BF8-AD5C-8AA422E37AD0}.DebugLib|Win32.ActiveCfg = Debug|Win32
		{4136CCA0-8132-4BF8-AD5C-8AA422E37AD0}.DebugLib|Win32.Build.0 = Debug|Win32
		{4136CCA0-8132-4BF8-AD5C-8AA422E37AD0}.DebugLibMT|Win32.ActiveCfg = Debug|Win32
		{4136CCA0-8132-4BF8-AD5C-8AA422E37AD0}.DebugLibMT|Win32.Build.0 = Debug|Win32
		{4136CCA0-8132-4BF8-AD5C-8AA422E37AD0}.Release|Win32.ActiveCfg = Release|Win32
		{4136CCA0-8132-4BF8-AD5C-8AA422E37AD0}.Release|Win32.Build.0 = Release|Win32
		{4136CCA0-8132-4BF8-AD5C-8AA422E37AD0}.ReleaseLib|Win32.ActiveCfg = Release|Win32
		{4136CCA0-8132-4BF8-AD5C-8AA422E37AD0}.ReleaseLib|Win32.Build.0 = Release|Win32
		{4136CCA0-8132-4BF8-AD5C-8AA422E37AD0}.ReleaseLibMT|Win32.ActiveCfg = Release|Win32
		{4136CCA0-8132-4BF8-AD5C-8AA422E37AD0}.ReleaseLibMT|Win32.Build.0 = Release|Win32
	EndGlobalSection
	GlobalSection(SolutionProperties) = preSolution
		HideSolutionNode = FALSE
	EndGlobalSection
EndGlobal
