<?xml version="1.0" encoding="utf-8"?>
<Project ToolsVersion="4.0" xmlns="http://schemas.microsoft.com/developer/msbuild/2003">
  <ItemGroup>
    <Filter Include="Source Files">
      <UniqueIdentifier>{4FC737F1-C7A5-4376-A066-2A32D752A2FF}</UniqueIdentifier>
      <Extensions>cpp;c;cc;cxx;def;odl;idl;hpj;bat;asm;asmx</Extensions>
    </Filter>
    <Filter Include="Header Files">
      <UniqueIdentifier>{93995380-89BD-4b04-88EB-625FBE52EBFB}</UniqueIdentifier>
      <Extensions>h;hpp;hxx;hm;inl;inc;xsd</Extensions>
    </Filter>
    <Filter Include="Resource Files">
      <UniqueIdentifier>{67DA6AB6-F800-4c08-8B7A-83BB121AAD01}</UniqueIdentifier>
      <Extensions>rc;ico;cur;bmp;dlg;rc2;rct;bin;rgs;gif;jpg;jpeg;jpe;resx;tiff;tif;png;wav;mfcribbon-ms</Extensions>
    </Filter>
    <Filter Include="protobuf">
      <UniqueIdentifier>{7aca6a9a-7048-49a1-98d4-6031665e4628}</UniqueIdentifier>
    </Filter>
    <Filter Include="Query">
      <UniqueIdentifier>{6388c77a-73c0-434e-9bbe-a895b5934d5e}</UniqueIdentifier>
    </Filter>
    <Filter Include="3rdparty">
      <UniqueIdentifier>{b8e4ebd0-5edf-4347-9833-90e71c70050f}</UniqueIdentifier>
    </Filter>
  </ItemGroup>
  <ItemGroup>
    <ClInclude Include="SemanticStream.h">
      <Filter>Header Files</Filter>
    </ClInclude>
    <ClInclude Include="LogLevel.h">
      <Filter>Header Files</Filter>
    </ClInclude>
    <ClInclude Include="internal.h">
      <Filter>Header Files</Filter>
    </ClInclude>
    <ClInclude Include="LogOption.h">
      <Filter>Header Files</Filter>
    </ClInclude>
    <ClInclude Include="LexicalEntry.h">
      <Filter>Header Files</Filter>
    </ClInclude>
    <ClInclude Include="LogValue.h">
      <Filter>Header Files</Filter>
    </ClInclude>
    <ClInclude Include="EntryName.h">
      <Filter>Header Files</Filter>
    </ClInclude>
    <ClInclude Include="LogStream.h">
      <Filter>Header Files</Filter>
    </ClInclude>
    <ClInclude Include="LogFile.h">
      <Filter>Header Files</Filter>
    </ClInclude>
    <ClInclude Include="to_LS_ClientDelegate.h">
      <Filter>Header Files</Filter>
    </ClInclude>
    <ClInclude Include="LexicalEntryValueType.h">
      <Filter>Header Files</Filter>
    </ClInclude>
    <ClInclude Include="Log.h">
      <Filter>Header Files</Filter>
    </ClInclude>
    <ClInclude Include="Counter.h">
      <Filter>Header Files</Filter>
    </ClInclude>
    <ClInclude Include="BasicLogStream.h">
      <Filter>Header Files</Filter>
    </ClInclude>
    <ClInclude Include="LogDataReader.h">
      <Filter>Header Files</Filter>
    </ClInclude>
    <ClInclude Include="LogQuery.h">
      <Filter>Query</Filter>
    </ClInclude>
    <ClInclude Include="resource.h">
      <Filter>Header Files</Filter>
    </ClInclude>
    <ClInclude Include="..\include\const_time.h">
      <Filter>Header Files</Filter>
    </ClInclude>
    <ClInclude Include="HeaderDefine.h">
      <Filter>Header Files</Filter>
    </ClInclude>
    <ClInclude Include="CmdDefine.h">
      <Filter>Header Files</Filter>
    </ClInclude>
    <ClInclude Include="..\protobuf\log\log.pb.h">
      <Filter>protobuf</Filter>
    </ClInclude>
    <ClInclude Include="..\include\SimpleIni.h">
      <Filter>3rdparty</Filter>
    </ClInclude>
    <ClInclude Include="resource1.h">
      <Filter>Header Files</Filter>
    </ClInclude>
  </ItemGroup>
  <ItemGroup>
    <ClCompile Include="Log.cpp">
      <Filter>Source Files</Filter>
    </ClCompile>
    <ClCompile Include="LogStream.cpp">
      <Filter>Source Files</Filter>
    </ClCompile>
    <ClCompile Include="SemanticStream.cpp">
      <Filter>Source Files</Filter>
    </ClCompile>
    <ClCompile Include="to_LS_ClientDelegate.cpp">
      <Filter>Source Files</Filter>
    </ClCompile>
    <ClCompile Include="BasicLogStream.cpp">
      <Filter>Source Files</Filter>
    </ClCompile>
    <ClCompile Include="Counter.cpp">
      <Filter>Source Files</Filter>
    </ClCompile>
    <ClCompile Include="LogDataReader.cpp">
      <Filter>Source Files</Filter>
    </ClCompile>
    <ClCompile Include="LogQuery.cpp">
      <Filter>Query</Filter>
    </ClCompile>
    <ClCompile Include="..\protobuf\log\log.pb.cc">
      <Filter>protobuf</Filter>
    </ClCompile>
  </ItemGroup>
  <ItemGroup>
    <None Include="..\protobuf\log\log.proto">
      <Filter>protobuf</Filter>
    </None>
  </ItemGroup>
</Project>